
Microsoft Visual Studio Solution File, Format Version 12.00
Project("{FAE04EC0-301F-11D3-BF4B-00C04F79EFBC}") = "ValoSetups", "ValoSetups\ValoSetups.csproj", "{AF9AB3D6-E363-456C-AFC6-5EB327AAB66F}"
EndProject
Global
	GlobalSection(SolutionConfigurationPlatforms) = preSolution
		Debug|Any CPU = Debug|Any CPU
		Release|Any CPU = Release|Any CPU
	EndGlobalSection
	GlobalSection(ProjectConfigurationPlatforms) = postSolution
		{AF9AB3D6-E363-456C-AFC6-5EB327AAB66F}.Debug|Any CPU.ActiveCfg = Debug|Any CPU
		{AF9AB3D6-E363-456C-AFC6-5EB327AAB66F}.Debug|Any CPU.Build.0 = Debug|Any CPU
		{AF9AB3D6-E363-456C-AFC6-5EB327AAB66F}.Release|Any CPU.ActiveCfg = Release|Any CPU
		{AF9AB3D6-E363-456C-AFC6-5EB327AAB66F}.Release|Any CPU.Build.0 = Release|Any CPU
	EndGlobalSection
EndGlobal
